
Microsoft Visual Studio Solution File, Format Version 12.00
# Visual Studio Version 17
VisualStudioVersion = 17.3.32901.215
MinimumVisualStudioVersion = 10.0.40219.1
Project("{FAE04EC0-301F-11D3-BF4B-00C04F79EFBC}") = "ProjektSzkola", "ProjektSzkola\ProjektSzkola.csproj", "{EA2AA368-2845-489C-8873-25ED63048735}"
EndProject
Global
	GlobalSection(SolutionConfigurationPlatforms) = preSolution
		Debug|Any CPU = Debug|Any CPU
		Release|Any CPU = Release|Any CPU
	EndGlobalSection
	GlobalSection(ProjectConfigurationPlatforms) = postSolution
		{EA2AA368-2845-489C-8873-25ED63048735}.Debug|Any CPU.ActiveCfg = Debug|Any CPU
		{EA2AA368-2845-489C-8873-25ED63048735}.Debug|Any CPU.Build.0 = Debug|Any CPU
		{EA2AA368-2845-489C-8873-25ED63048735}.Release|Any CPU.ActiveCfg = Release|Any CPU
		{EA2AA368-2845-489C-8873-25ED63048735}.Release|Any CPU.Build.0 = Release|Any CPU
	EndGlobalSection
	GlobalSection(SolutionProperties) = preSolution
		HideSolutionNode = FALSE
	EndGlobalSection
	GlobalSection(ExtensibilityGlobals) = postSolution
		SolutionGuid = {9DFB8F78-7876-4990-ADC0-5B42CA1C8641}
	EndGlobalSection
EndGlobal
